
Microsoft Visual Studio Solution File, Format Version 12.00
# Visual Studio Version 17
VisualStudioVersion = 17.9.34728.123
MinimumVisualStudioVersion = 10.0.40219.1
Project("{E24C65DC-7377-472B-9ABA-BC803B73C61A}") = "web1", "..\..\..\Desktop\web1\", "{9DDEE95C-B939-46E1-8E0D-2BFCCFEC9AFC}"
	ProjectSection(WebsiteProperties) = preProject
		TargetFrameworkMoniker = ".NETFramework,Version%3Dv4.8"
		Debug.AspNetCompiler.VirtualPath = "/localhost_63650"
		Debug.AspNetCompiler.PhysicalPath = "..\..\..\Desktop\web1\"
		Debug.AspNetCompiler.TargetPath = "PrecompiledWeb\localhost_63650\"
		Debug.AspNetCompiler.Updateable = "true"
		Debug.AspNetCompiler.ForceOverwrite = "true"
		Debug.AspNetCompiler.FixedNames = "false"
		Debug.AspNetCompiler.Debug = "True"
		Release.AspNetCompiler.VirtualPath = "/localhost_63650"
		Release.AspNetCompiler.PhysicalPath = "..\..\..\Desktop\web1\"
		Release.AspNetCompiler.TargetPath = "PrecompiledWeb\localhost_63650\"
		Release.AspNetCompiler.Updateable = "true"
		Release.AspNetCompiler.ForceOverwrite = "true"
		Release.AspNetCompiler.FixedNames = "false"
		Release.AspNetCompiler.Debug = "False"
		VWDPort = "63650"
	EndProjectSection
EndProject
Global
	GlobalSection(SolutionConfigurationPlatforms) = preSolution
		Debug|Any CPU = Debug|Any CPU
	EndGlobalSection
	GlobalSection(ProjectConfigurationPlatforms) = postSolution
		{9DDEE95C-B939-46E1-8E0D-2BFCCFEC9AFC}.Debug|Any CPU.ActiveCfg = Debug|Any CPU
		{9DDEE95C-B939-46E1-8E0D-2BFCCFEC9AFC}.Debug|Any CPU.Build.0 = Debug|Any CPU
	EndGlobalSection
	GlobalSection(SolutionProperties) = preSolution
		HideSolutionNode = FALSE
	EndGlobalSection
	GlobalSection(ExtensibilityGlobals) = postSolution
		SolutionGuid = {7F670B59-C1F5-46E9-9098-7BB65C29466A}
	EndGlobalSection
EndGlobal
